PODS:
  - OICommons (1.1.2)
  - OIComponents (1.3.1):
    - OICommons (~> 1.1)
  - OILiveness2D (1.2.2):
    - OICommons (~> 1.1)
    - OIComponents (~> 1.3)
    - OINetwork (~> 1.2)
  - OINetwork (1.3.0):
    - OICommons (~> 1.1)

DEPENDENCIES:

  - OILiveness2D (~> 1.2)

SPEC REPOS:
  https://github.com/oititec/ios-artifactory.git:
    - OICommons
    - OIComponents
    - OILiveness2D
    - OINetwork

SPEC CHECKSUMS:

  OICommons: c46002bc48a3c700796a740445ca72ac462c53c1
  OIComponents: 9f4da45038924ef583a9269df05f1b0efb7af4cd
  OILiveness2D: 5896c9d18138417436770d2e14e55b067285e1c9
  OINetwork: 35d74266149b8e04a51706633552b508955e8e47

PODFILE CHECKSUM: 460c05fbdaf99d9805d7d8518879492465db325b

COCOAPODS: 1.13.0
